
Microsoft Visual Studio Solution File, Format Version 12.00
# Visual Studio Version 16
VisualStudioVersion = 16.0.30320.27
MinimumVisualStudioVersion = 10.0.40219.1
Project("{FAE04EC0-301F-11D3-BF4B-00C04F79EFBC}") = "Xamarin.Android.Pay.Cards.SDK", "Xamarin.Android.Pay.Cards.SDK.csproj", "{3857EB72-1816-4198-A5B2-2692A99E8A3E}"
EndProject
Global
	GlobalSection(SolutionConfigurationPlatforms) = preSolution
		Debug|Any CPU = Debug|Any CPU
		Release|Any CPU = Release|Any CPU
	EndGlobalSection
	GlobalSection(ProjectConfigurationPlatforms) = postSolution
		{3857EB72-1816-4198-A5B2-2692A99E8A3E}.Debug|Any CPU.ActiveCfg = Debug|Any CPU
		{3857EB72-1816-4198-A5B2-2692A99E8A3E}.Debug|Any CPU.Build.0 = Debug|Any CPU
		{3857EB72-1816-4198-A5B2-2692A99E8A3E}.Release|Any CPU.ActiveCfg = Release|Any CPU
		{3857EB72-1816-4198-A5B2-2692A99E8A3E}.Release|Any CPU.Build.0 = Release|Any CPU
	EndGlobalSection
	GlobalSection(SolutionProperties) = preSolution
		HideSolutionNode = FALSE
	EndGlobalSection
	GlobalSection(ExtensibilityGlobals) = postSolution
		SolutionGuid = {D6FC8EB2-DFA4-4AB8-B54C-3FCFDBD7B819}
	EndGlobalSection
EndGlobal
